
Microsoft Visual Studio Solution File, Format Version 12.00
# Visual Studio Version 17
VisualStudioVersion = 17.14.36301.6 d17.14
MinimumVisualStudioVersion = 10.0.40219.1
Project("{FAE04EC0-301F-11D3-BF4B-00C04F79EFBC}") = "SplashScreen", "SplashScreen\SplashScreen.csproj", "{408C6AB7-A1A7-4AC7-85B7-EBA035F98798}"
EndProject
Global
	GlobalSection(SolutionConfigurationPlatforms) = preSolution
		Debug|Any CPU = Debug|Any CPU
		Release|Any CPU = Release|Any CPU
	EndGlobalSection
	GlobalSection(ProjectConfigurationPlatforms) = postSolution
		{408C6AB7-A1A7-4AC7-85B7-EBA035F98798}.Debug|Any CPU.ActiveCfg = Debug|Any CPU
		{408C6AB7-A1A7-4AC7-85B7-EBA035F98798}.Debug|Any CPU.Build.0 = Debug|Any CPU
		{408C6AB7-A1A7-4AC7-85B7-EBA035F98798}.Release|Any CPU.ActiveCfg = Release|Any CPU
		{408C6AB7-A1A7-4AC7-85B7-EBA035F98798}.Release|Any CPU.Build.0 = Release|Any CPU
	EndGlobalSection
	GlobalSection(SolutionProperties) = preSolution
		HideSolutionNode = FALSE
	EndGlobalSection
	GlobalSection(ExtensibilityGlobals) = postSolution
		SolutionGuid = {4AEB18E2-0F84-4C07-B3F5-E7682F5B2420}
	EndGlobalSection
EndGlobal
