
Microsoft Visual Studio Solution File, Format Version 12.00
# Visual Studio Version 17
VisualStudioVersion = 17.14.36301.6 d17.14
MinimumVisualStudioVersion = 10.0.40219.1
Project("{FAE04EC0-301F-11D3-BF4B-00C04F79EFBC}") = "CRUDDataGridView", "CRUDDataGridView\CRUDDataGridView.csproj", "{DA4B35F6-C440-4343-A090-49C613FAA533}"
EndProject
Global
	GlobalSection(SolutionConfigurationPlatforms) = preSolution
		Debug|Any CPU = Debug|Any CPU
		Release|Any CPU = Release|Any CPU
	EndGlobalSection
	GlobalSection(ProjectConfigurationPlatforms) = postSolution
		{DA4B35F6-C440-4343-A090-49C613FAA533}.Debug|Any CPU.ActiveCfg = Debug|Any CPU
		{DA4B35F6-C440-4343-A090-49C613FAA533}.Debug|Any CPU.Build.0 = Debug|Any CPU
		{DA4B35F6-C440-4343-A090-49C613FAA533}.Release|Any CPU.ActiveCfg = Release|Any CPU
		{DA4B35F6-C440-4343-A090-49C613FAA533}.Release|Any CPU.Build.0 = Release|Any CPU
	EndGlobalSection
	GlobalSection(SolutionProperties) = preSolution
		HideSolutionNode = FALSE
	EndGlobalSection
	GlobalSection(ExtensibilityGlobals) = postSolution
		SolutionGuid = {4D4366C3-743C-4256-913D-78936B7213D2}
	EndGlobalSection
EndGlobal
