
Microsoft Visual Studio Solution File, Format Version 12.00
# Visual Studio Version 17
VisualStudioVersion = 17.14.36301.6 d17.14
MinimumVisualStudioVersion = 10.0.40219.1
Project("{FAE04EC0-301F-11D3-BF4B-00C04F79EFBC}") = "LearnFluentDesignForm", "LearnFluentDesignForm\LearnFluentDesignForm.csproj", "{ECE16791-ABA2-45E0-8D4C-4A79AED82EE8}"
EndProject
Global
	GlobalSection(SolutionConfigurationPlatforms) = preSolution
		Debug|Any CPU = Debug|Any CPU
		Release|Any CPU = Release|Any CPU
	EndGlobalSection
	GlobalSection(ProjectConfigurationPlatforms) = postSolution
		{ECE16791-ABA2-45E0-8D4C-4A79AED82EE8}.Debug|Any CPU.ActiveCfg = Debug|Any CPU
		{ECE16791-ABA2-45E0-8D4C-4A79AED82EE8}.Debug|Any CPU.Build.0 = Debug|Any CPU
		{ECE16791-ABA2-45E0-8D4C-4A79AED82EE8}.Release|Any CPU.ActiveCfg = Release|Any CPU
		{ECE16791-ABA2-45E0-8D4C-4A79AED82EE8}.Release|Any CPU.Build.0 = Release|Any CPU
	EndGlobalSection
	GlobalSection(SolutionProperties) = preSolution
		HideSolutionNode = FALSE
	EndGlobalSection
	GlobalSection(ExtensibilityGlobals) = postSolution
		SolutionGuid = {5E97C972-E951-4656-A6D6-DDDBCE6F66C8}
	EndGlobalSection
EndGlobal
