
Microsoft Visual Studio Solution File, Format Version 12.00
# Visual Studio Version 17
VisualStudioVersion = 17.14.36301.6 d17.14
MinimumVisualStudioVersion = 10.0.40219.1
Project("{FAE04EC0-301F-11D3-BF4B-00C04F79EFBC}") = "LearnRibbonControl", "LearnRibbonControl\LearnRibbonControl.csproj", "{28F238AC-B8EE-45E3-9DFE-1ED908D1CC11}"
EndProject
Global
	GlobalSection(SolutionConfigurationPlatforms) = preSolution
		Debug|Any CPU = Debug|Any CPU
		Release|Any CPU = Release|Any CPU
	EndGlobalSection
	GlobalSection(ProjectConfigurationPlatforms) = postSolution
		{28F238AC-B8EE-45E3-9DFE-1ED908D1CC11}.Debug|Any CPU.ActiveCfg = Debug|Any CPU
		{28F238AC-B8EE-45E3-9DFE-1ED908D1CC11}.Debug|Any CPU.Build.0 = Debug|Any CPU
		{28F238AC-B8EE-45E3-9DFE-1ED908D1CC11}.Release|Any CPU.ActiveCfg = Release|Any CPU
		{28F238AC-B8EE-45E3-9DFE-1ED908D1CC11}.Release|Any CPU.Build.0 = Release|Any CPU
	EndGlobalSection
	GlobalSection(SolutionProperties) = preSolution
		HideSolutionNode = FALSE
	EndGlobalSection
	GlobalSection(ExtensibilityGlobals) = postSolution
		SolutionGuid = {32CB0842-BA1F-4CAA-B737-393CD02BA668}
	EndGlobalSection
EndGlobal
